{
  "requires": true,
  "lockfileVersion": 1,
  "dependencies": {
    "@kouts/vue-modal": {
      "version": "2.0.1",
      "resolved": "https://registry.npmjs.org/@kouts/vue-modal/-/vue-modal-2.0.1.tgz",
      "integrity": "sha512-JVLuvg3NJRBYxbMZdkO5sAZZYsY94wBnORrmXEMKX64hVoL5Jix7nC+4Q1zoWoAFJLrwzXNjVTC3qPmsh6FmJw==",
      "requires": {
        "core-js": "^3.6.5",
        "vue": "^2.6.12"
      }
    },
    "core-js": {
      "version": "3.7.0",
      "resolved": "https://registry.npmjs.org/core-js/-/core-js-3.7.0.tgz",
      "integrity": "sha512-NwS7fI5M5B85EwpWuIwJN4i/fbisQUwLwiSNUWeXlkAZ0sbBjLEvLvFLf1uzAUV66PcEPt4xCGCmOZSxVf3xzA=="
    },
    "vue": {
      "version": "2.6.12",
      "resolved": "https://registry.npmjs.org/vue/-/vue-2.6.12.tgz",
      "integrity": "sha512-uhmLFETqPPNyuLLbsKz6ioJ4q7AZHzD8ZVFNATNyICSZouqP2Sz0rotWQC8UNBF6VGSCs5abnKJoStA6JbCbfg=="
    },
    "vue-numeric-input": {
      "version": "1.0.6",
      "resolved": "https://registry.npmjs.org/vue-numeric-input/-/vue-numeric-input-1.0.6.tgz",
      "integrity": "sha512-i1wKbUOx+IuTtwD2ahc44QC02YCBBM9qULFjOS4c99GqxVIrS2+Gf079Z4FAM6zqunIhAxFYWr75jJ/ySc5QnA=="
    }
  }
}
